
Microsoft Visual Studio Solution File, Format Version 12.00
# Visual Studio Version 17
VisualStudioVersion = 17.5.2.0
MinimumVisualStudioVersion = 10.0.40219.1
Project("{FAE04EC0-301F-11D3-BF4B-00C04F79EFBC}") = "oop", "oop.csproj", "{D34A73C2-3F63-A245-DA7C-F7C32218076C}"
EndProject
Project("{FAE04EC0-301F-11D3-BF4B-00C04F79EFBC}") = "lab-24", "lab-24\lab-24.csproj", "{6772EBAF-49FA-A56C-A9E4-62C2D3F03E07}"
EndProject
Project("{FAE04EC0-301F-11D3-BF4B-00C04F79EFBC}") = "lab2", "lab2\lab2.csproj", "{F319D487-73D8-7112-8F5F-41EC036A539B}"
EndProject
Project("{FAE04EC0-301F-11D3-BF4B-00C04F79EFBC}") = "lab20", "lab20\lab20.csproj", "{23A5E442-DF15-77D7-770D-7865CE950E36}"
EndProject
Project("{FAE04EC0-301F-11D3-BF4B-00C04F79EFBC}") = "lab21", "lab21\lab21.csproj", "{072D8732-0CD0-009A-7DE3-62EAF47FB1FC}"
EndProject
Project("{FAE04EC0-301F-11D3-BF4B-00C04F79EFBC}") = "lab22", "lab22\lab22.csproj", "{4BAF9A08-B267-C39F-3487-65ADD4F8331F}"
EndProject
Project("{FAE04EC0-301F-11D3-BF4B-00C04F79EFBC}") = "lab23", "lab23\lab23.csproj", "{CBE4521F-8C8A-22DC-9058-6CDB04751B4F}"
EndProject
Project("{FAE04EC0-301F-11D3-BF4B-00C04F79EFBC}") = "lab25", "lab25\lab25.csproj", "{667BA448-876F-F79B-A29C-0938A6B68373}"
EndProject
Project("{FAE04EC0-301F-11D3-BF4B-00C04F79EFBC}") = "lab3", "lab3\lab3.csproj", "{BD6B9E9E-3E19-1E62-5DC0-58D981F02584}"
EndProject
Project("{FAE04EC0-301F-11D3-BF4B-00C04F79EFBC}") = "lab4", "lab4\lab4.csproj", "{B2AFC9B6-B883-AE0A-77C6-0B34E93D8B48}"
EndProject
Project("{FAE04EC0-301F-11D3-BF4B-00C04F79EFBC}") = "lab5", "lab5\lab5.csproj", "{E4703FE4-B806-9E52-08B2-5C97A7CB3396}"
EndProject
Project("{FAE04EC0-301F-11D3-BF4B-00C04F79EFBC}") = "lab6-(8)", "lab6-(8)\lab6-(8).csproj", "{B745025D-EAC6-9903-F98F-FCA62A22D940}"
EndProject
Project("{FAE04EC0-301F-11D3-BF4B-00C04F79EFBC}") = "MyCSharpProject", "MyCSharpProject\MyCSharpProject.csproj", "{46DBC919-B519-AFA3-E589-07C1A834C096}"
EndProject
Project("{FAE04EC0-301F-11D3-BF4B-00C04F79EFBC}") = "TestApp", "TestApp\TestApp.csproj", "{A0A5516F-CF94-4F6B-6308-242CCA1A71A5}"
EndProject
Project("{FAE04EC0-301F-11D3-BF4B-00C04F79EFBC}") = "lab26", "lab26\lab26.csproj", "{05ED457E-9D3C-4359-B60B-C9150BE364D6}"
EndProject
Global
	GlobalSection(SolutionConfigurationPlatforms) = preSolution
		Debug|Any CPU = Debug|Any CPU
		Debug|x64 = Debug|x64
		Debug|x86 = Debug|x86
		Release|Any CPU = Release|Any CPU
		Release|x64 = Release|x64
		Release|x86 = Release|x86
	EndGlobalSection
	GlobalSection(ProjectConfigurationPlatforms) = postSolution
		{D34A73C2-3F63-A245-DA7C-F7C32218076C}.Debug|Any CPU.ActiveCfg = Debug|Any CPU
		{D34A73C2-3F63-A245-DA7C-F7C32218076C}.Debug|Any CPU.Build.0 = Debug|Any CPU
		{D34A73C2-3F63-A245-DA7C-F7C32218076C}.Debug|x64.ActiveCfg = Debug|Any CPU
		{D34A73C2-3F63-A245-DA7C-F7C32218076C}.Debug|x64.Build.0 = Debug|Any CPU
		{D34A73C2-3F63-A245-DA7C-F7C32218076C}.Debug|x86.ActiveCfg = Debug|Any CPU
		{D34A73C2-3F63-A245-DA7C-F7C32218076C}.Debug|x86.Build.0 = Debug|Any CPU
		{D34A73C2-3F63-A245-DA7C-F7C32218076C}.Release|Any CPU.ActiveCfg = Release|Any CPU
		{D34A73C2-3F63-A245-DA7C-F7C32218076C}.Release|Any CPU.Build.0 = Release|Any CPU
		{D34A73C2-3F63-A245-DA7C-F7C32218076C}.Release|x64.ActiveCfg = Release|Any CPU
		{D34A73C2-3F63-A245-DA7C-F7C32218076C}.Release|x64.Build.0 = Release|Any CPU
		{D34A73C2-3F63-A245-DA7C-F7C32218076C}.Release|x86.ActiveCfg = Release|Any CPU
		{D34A73C2-3F63-A245-DA7C-F7C32218076C}.Release|x86.Build.0 = Release|Any CPU
		{6772EBAF-49FA-A56C-A9E4-62C2D3F03E07}.Debug|Any CPU.ActiveCfg = Debug|Any CPU
		{6772EBAF-49FA-A56C-A9E4-62C2D3F03E07}.Debug|Any CPU.Build.0 = Debug|Any CPU
		{6772EBAF-49FA-A56C-A9E4-62C2D3F03E07}.Debug|x64.ActiveCfg = Debug|Any CPU
		{6772EBAF-49FA-A56C-A9E4-62C2D3F03E07}.Debug|x64.Build.0 = Debug|Any CPU
		{6772EBAF-49FA-A56C-A9E4-62C2D3F03E07}.Debug|x86.ActiveCfg = Debug|Any CPU
		{6772EBAF-49FA-A56C-A9E4-62C2D3F03E07}.Debug|x86.Build.0 = Debug|Any CPU
		{6772EBAF-49FA-A56C-A9E4-62C2D3F03E07}.Release|Any CPU.ActiveCfg = Release|Any CPU
		{6772EBAF-49FA-A56C-A9E4-62C2D3F03E07}.Release|Any CPU.Build.0 = Release|Any CPU
		{6772EBAF-49FA-A56C-A9E4-62C2D3F03E07}.Release|x64.ActiveCfg = Release|Any CPU
		{6772EBAF-49FA-A56C-A9E4-62C2D3F03E07}.Release|x64.Build.0 = Release|Any CPU
		{6772EBAF-49FA-A56C-A9E4-62C2D3F03E07}.Release|x86.ActiveCfg = Release|Any CPU
		{6772EBAF-49FA-A56C-A9E4-62C2D3F03E07}.Release|x86.Build.0 = Release|Any CPU
		{F319D487-73D8-7112-8F5F-41EC036A539B}.Debug|Any CPU.ActiveCfg = Debug|Any CPU
		{F319D487-73D8-7112-8F5F-41EC036A539B}.Debug|Any CPU.Build.0 = Debug|Any CPU
		{F319D487-73D8-7112-8F5F-41EC036A539B}.Debug|x64.ActiveCfg = Debug|Any CPU
		{F319D487-73D8-7112-8F5F-41EC036A539B}.Debug|x64.Build.0 = Debug|Any CPU
		{F319D487-73D8-7112-8F5F-41EC036A539B}.Debug|x86.ActiveCfg = Debug|Any CPU
		{F319D487-73D8-7112-8F5F-41EC036A539B}.Debug|x86.Build.0 = Debug|Any CPU
		{F319D487-73D8-7112-8F5F-41EC036A539B}.Release|Any CPU.ActiveCfg = Release|Any CPU
		{F319D487-73D8-7112-8F5F-41EC036A539B}.Release|Any CPU.Build.0 = Release|Any CPU
		{F319D487-73D8-7112-8F5F-41EC036A539B}.Release|x64.ActiveCfg = Release|Any CPU
		{F319D487-73D8-7112-8F5F-41EC036A539B}.Release|x64.Build.0 = Release|Any CPU
		{F319D487-73D8-7112-8F5F-41EC036A539B}.Release|x86.ActiveCfg = Release|Any CPU
		{F319D487-73D8-7112-8F5F-41EC036A539B}.Release|x86.Build.0 = Release|Any CPU
		{23A5E442-DF15-77D7-770D-7865CE950E36}.Debug|Any CPU.ActiveCfg = Debug|Any CPU
		{23A5E442-DF15-77D7-770D-7865CE950E36}.Debug|Any CPU.Build.0 = Debug|Any CPU
		{23A5E442-DF15-77D7-770D-7865CE950E36}.Debug|x64.ActiveCfg = Debug|Any CPU
		{23A5E442-DF15-77D7-770D-7865CE950E36}.Debug|x64.Build.0 = Debug|Any CPU
		{23A5E442-DF15-77D7-770D-7865CE950E36}.Debug|x86.ActiveCfg = Debug|Any CPU
		{23A5E442-DF15-77D7-770D-7865CE950E36}.Debug|x86.Build.0 = Debug|Any CPU
		{23A5E442-DF15-77D7-770D-7865CE950E36}.Release|Any CPU.ActiveCfg = Release|Any CPU
		{23A5E442-DF15-77D7-770D-7865CE950E36}.Release|Any CPU.Build.0 = Release|Any CPU
		{23A5E442-DF15-77D7-770D-7865CE950E36}.Release|x64.ActiveCfg = Release|Any CPU
		{23A5E442-DF15-77D7-770D-7865CE950E36}.Release|x64.Build.0 = Release|Any CPU
		{23A5E442-DF15-77D7-770D-7865CE950E36}.Release|x86.ActiveCfg = Release|Any CPU
		{23A5E442-DF15-77D7-770D-7865CE950E36}.Release|x86.Build.0 = Release|Any CPU
		{072D8732-0CD0-009A-7DE3-62EAF47FB1FC}.Debug|Any CPU.ActiveCfg = Debug|Any CPU
		{072D8732-0CD0-009A-7DE3-62EAF47FB1FC}.Debug|Any CPU.Build.0 = Debug|Any CPU
		{072D8732-0CD0-009A-7DE3-62EAF47FB1FC}.Debug|x64.ActiveCfg = Debug|Any CPU
		{072D8732-0CD0-009A-7DE3-62EAF47FB1FC}.Debug|x64.Build.0 = Debug|Any CPU
		{072D8732-0CD0-009A-7DE3-62EAF47FB1FC}.Debug|x86.ActiveCfg = Debug|Any CPU
		{072D8732-0CD0-009A-7DE3-62EAF47FB1FC}.Debug|x86.Build.0 = Debug|Any CPU
		{072D8732-0CD0-009A-7DE3-62EAF47FB1FC}.Release|Any CPU.ActiveCfg = Release|Any CPU
		{072D8732-0CD0-009A-7DE3-62EAF47FB1FC}.Release|Any CPU.Build.0 = Release|Any CPU
		{072D8732-0CD0-009A-7DE3-62EAF47FB1FC}.Release|x64.ActiveCfg = Release|Any CPU
		{072D8732-0CD0-009A-7DE3-62EAF47FB1FC}.Release|x64.Build.0 = Release|Any CPU
		{072D8732-0CD0-009A-7DE3-62EAF47FB1FC}.Release|x86.ActiveCfg = Release|Any CPU
		{072D8732-0CD0-009A-7DE3-62EAF47FB1FC}.Release|x86.Build.0 = Release|Any CPU
		{4BAF9A08-B267-C39F-3487-65ADD4F8331F}.Debug|Any CPU.ActiveCfg = Debug|Any CPU
		{4BAF9A08-B267-C39F-3487-65ADD4F8331F}.Debug|Any CPU.Build.0 = Debug|Any CPU
		{4BAF9A08-B267-C39F-3487-65ADD4F8331F}.Debug|x64.ActiveCfg = Debug|Any CPU
		{4BAF9A08-B267-C39F-3487-65ADD4F8331F}.Debug|x64.Build.0 = Debug|Any CPU
		{4BAF9A08-B267-C39F-3487-65ADD4F8331F}.Debug|x86.ActiveCfg = Debug|Any CPU
		{4BAF9A08-B267-C39F-3487-65ADD4F8331F}.Debug|x86.Build.0 = Debug|Any CPU
		{4BAF9A08-B267-C39F-3487-65ADD4F8331F}.Release|Any CPU.ActiveCfg = Release|Any CPU
		{4BAF9A08-B267-C39F-3487-65ADD4F8331F}.Release|Any CPU.Build.0 = Release|Any CPU
		{4BAF9A08-B267-C39F-3487-65ADD4F8331F}.Release|x64.ActiveCfg = Release|Any CPU
		{4BAF9A08-B267-C39F-3487-65ADD4F8331F}.Release|x64.Build.0 = Release|Any CPU
		{4BAF9A08-B267-C39F-3487-65ADD4F8331F}.Release|x86.ActiveCfg = Release|Any CPU
		{4BAF9A08-B267-C39F-3487-65ADD4F8331F}.Release|x86.Build.0 = Release|Any CPU
		{CBE4521F-8C8A-22DC-9058-6CDB04751B4F}.Debug|Any CPU.ActiveCfg = Debug|Any CPU
		{CBE4521F-8C8A-22DC-9058-6CDB04751B4F}.Debug|Any CPU.Build.0 = Debug|Any CPU
		{CBE4521F-8C8A-22DC-9058-6CDB04751B4F}.Debug|x64.ActiveCfg = Debug|Any CPU
		{CBE4521F-8C8A-22DC-9058-6CDB04751B4F}.Debug|x64.Build.0 = Debug|Any CPU
		{CBE4521F-8C8A-22DC-9058-6CDB04751B4F}.Debug|x86.ActiveCfg = Debug|Any CPU
		{CBE4521F-8C8A-22DC-9058-6CDB04751B4F}.Debug|x86.Build.0 = Debug|Any CPU
		{CBE4521F-8C8A-22DC-9058-6CDB04751B4F}.Release|Any CPU.ActiveCfg = Release|Any CPU
		{CBE4521F-8C8A-22DC-9058-6CDB04751B4F}.Release|Any CPU.Build.0 = Release|Any CPU
		{CBE4521F-8C8A-22DC-9058-6CDB04751B4F}.Release|x64.ActiveCfg = Release|Any CPU
		{CBE4521F-8C8A-22DC-9058-6CDB04751B4F}.Release|x64.Build.0 = Release|Any CPU
		{CBE4521F-8C8A-22DC-9058-6CDB04751B4F}.Release|x86.ActiveCfg = Release|Any CPU
		{CBE4521F-8C8A-22DC-9058-6CDB04751B4F}.Release|x86.Build.0 = Release|Any CPU
		{667BA448-876F-F79B-A29C-0938A6B68373}.Debug|Any CPU.ActiveCfg = Debug|Any CPU
		{667BA448-876F-F79B-A29C-0938A6B68373}.Debug|Any CPU.Build.0 = Debug|Any CPU
		{667BA448-876F-F79B-A29C-0938A6B68373}.Debug|x64.ActiveCfg = Debug|Any CPU
		{667BA448-876F-F79B-A29C-0938A6B68373}.Debug|x64.Build.0 = Debug|Any CPU
		{667BA448-876F-F79B-A29C-0938A6B68373}.Debug|x86.ActiveCfg = Debug|Any CPU
		{667BA448-876F-F79B-A29C-0938A6B68373}.Debug|x86.Build.0 = Debug|Any CPU
		{667BA448-876F-F79B-A29C-0938A6B68373}.Release|Any CPU.ActiveCfg = Release|Any CPU
		{667BA448-876F-F79B-A29C-0938A6B68373}.Release|Any CPU.Build.0 = Release|Any CPU
		{667BA448-876F-F79B-A29C-0938A6B68373}.Release|x64.ActiveCfg = Release|Any CPU
		{667BA448-876F-F79B-A29C-0938A6B68373}.Release|x64.Build.0 = Release|Any CPU
		{667BA448-876F-F79B-A29C-0938A6B68373}.Release|x86.ActiveCfg = Release|Any CPU
		{667BA448-876F-F79B-A29C-0938A6B68373}.Release|x86.Build.0 = Release|Any CPU
		{BD6B9E9E-3E19-1E62-5DC0-58D981F02584}.Debug|Any CPU.ActiveCfg = Debug|Any CPU
		{BD6B9E9E-3E19-1E62-5DC0-58D981F02584}.Debug|Any CPU.Build.0 = Debug|Any CPU
		{BD6B9E9E-3E19-1E62-5DC0-58D981F02584}.Debug|x64.ActiveCfg = Debug|Any CPU
		{BD6B9E9E-3E19-1E62-5DC0-58D981F02584}.Debug|x64.Build.0 = Debug|Any CPU
		{BD6B9E9E-3E19-1E62-5DC0-58D981F02584}.Debug|x86.ActiveCfg = Debug|Any CPU
		{BD6B9E9E-3E19-1E62-5DC0-58D981F02584}.Debug|x86.Build.0 = Debug|Any CPU
		{BD6B9E9E-3E19-1E62-5DC0-58D981F02584}.Release|Any CPU.ActiveCfg = Release|Any CPU
		{BD6B9E9E-3E19-1E62-5DC0-58D981F02584}.Release|Any CPU.Build.0 = Release|Any CPU
		{BD6B9E9E-3E19-1E62-5DC0-58D981F02584}.Release|x64.ActiveCfg = Release|Any CPU
		{BD6B9E9E-3E19-1E62-5DC0-58D981F02584}.Release|x64.Build.0 = Release|Any CPU
		{BD6B9E9E-3E19-1E62-5DC0-58D981F02584}.Release|x86.ActiveCfg = Release|Any CPU
		{BD6B9E9E-3E19-1E62-5DC0-58D981F02584}.Release|x86.Build.0 = Release|Any CPU
		{B2AFC9B6-B883-AE0A-77C6-0B34E93D8B48}.Debug|Any CPU.ActiveCfg = Debug|Any CPU
		{B2AFC9B6-B883-AE0A-77C6-0B34E93D8B48}.Debug|Any CPU.Build.0 = Debug|Any CPU
		{B2AFC9B6-B883-AE0A-77C6-0B34E93D8B48}.Debug|x64.ActiveCfg = Debug|Any CPU
		{B2AFC9B6-B883-AE0A-77C6-0B34E93D8B48}.Debug|x64.Build.0 = Debug|Any CPU
		{B2AFC9B6-B883-AE0A-77C6-0B34E93D8B48}.Debug|x86.ActiveCfg = Debug|Any CPU
		{B2AFC9B6-B883-AE0A-77C6-0B34E93D8B48}.Debug|x86.Build.0 = Debug|Any CPU
		{B2AFC9B6-B883-AE0A-77C6-0B34E93D8B48}.Release|Any CPU.ActiveCfg = Release|Any CPU
		{B2AFC9B6-B883-AE0A-77C6-0B34E93D8B48}.Release|Any CPU.Build.0 = Release|Any CPU
		{B2AFC9B6-B883-AE0A-77C6-0B34E93D8B48}.Release|x64.ActiveCfg = Release|Any CPU
		{B2AFC9B6-B883-AE0A-77C6-0B34E93D8B48}.Release|x64.Build.0 = Release|Any CPU
		{B2AFC9B6-B883-AE0A-77C6-0B34E93D8B48}.Release|x86.ActiveCfg = Release|Any CPU
		{B2AFC9B6-B883-AE0A-77C6-0B34E93D8B48}.Release|x86.Build.0 = Release|Any CPU
		{E4703FE4-B806-9E52-08B2-5C97A7CB3396}.Debug|Any CPU.ActiveCfg = Debug|Any CPU
		{E4703FE4-B806-9E52-08B2-5C97A7CB3396}.Debug|Any CPU.Build.0 = Debug|Any CPU
		{E4703FE4-B806-9E52-08B2-5C97A7CB3396}.Debug|x64.ActiveCfg = Debug|Any CPU
		{E4703FE4-B806-9E52-08B2-5C97A7CB3396}.Debug|x64.Build.0 = Debug|Any CPU
		{E4703FE4-B806-9E52-08B2-5C97A7CB3396}.Debug|x86.ActiveCfg = Debug|Any CPU
		{E4703FE4-B806-9E52-08B2-5C97A7CB3396}.Debug|x86.Build.0 = Debug|Any CPU
		{E4703FE4-B806-9E52-08B2-5C97A7CB3396}.Release|Any CPU.ActiveCfg = Release|Any CPU
		{E4703FE4-B806-9E52-08B2-5C97A7CB3396}.Release|Any CPU.Build.0 = Release|Any CPU
		{E4703FE4-B806-9E52-08B2-5C97A7CB3396}.Release|x64.ActiveCfg = Release|Any CPU
		{E4703FE4-B806-9E52-08B2-5C97A7CB3396}.Release|x64.Build.0 = Release|Any CPU
		{E4703FE4-B806-9E52-08B2-5C97A7CB3396}.Release|x86.ActiveCfg = Release|Any CPU
		{E4703FE4-B806-9E52-08B2-5C97A7CB3396}.Release|x86.Build.0 = Release|Any CPU
		{B745025D-EAC6-9903-F98F-FCA62A22D940}.Debug|Any CPU.ActiveCfg = Debug|Any CPU
		{B745025D-EAC6-9903-F98F-FCA62A22D940}.Debug|Any CPU.Build.0 = Debug|Any CPU
		{B745025D-EAC6-9903-F98F-FCA62A22D940}.Debug|x64.ActiveCfg = Debug|Any CPU
		{B745025D-EAC6-9903-F98F-FCA62A22D940}.Debug|x64.Build.0 = Debug|Any CPU
		{B745025D-EAC6-9903-F98F-FCA62A22D940}.Debug|x86.ActiveCfg = Debug|Any CPU
		{B745025D-EAC6-9903-F98F-FCA62A22D940}.Debug|x86.Build.0 = Debug|Any CPU
		{B745025D-EAC6-9903-F98F-FCA62A22D940}.Release|Any CPU.ActiveCfg = Release|Any CPU
		{B745025D-EAC6-9903-F98F-FCA62A22D940}.Release|Any CPU.Build.0 = Release|Any CPU
		{B745025D-EAC6-9903-F98F-FCA62A22D940}.Release|x64.ActiveCfg = Release|Any CPU
		{B745025D-EAC6-9903-F98F-FCA62A22D940}.Release|x64.Build.0 = Release|Any CPU
		{B745025D-EAC6-9903-F98F-FCA62A22D940}.Release|x86.ActiveCfg = Release|Any CPU
		{B745025D-EAC6-9903-F98F-FCA62A22D940}.Release|x86.Build.0 = Release|Any CPU
		{46DBC919-B519-AFA3-E589-07C1A834C096}.Debug|Any CPU.ActiveCfg = Debug|Any CPU
		{46DBC919-B519-AFA3-E589-07C1A834C096}.Debug|Any CPU.Build.0 = Debug|Any CPU
		{46DBC919-B519-AFA3-E589-07C1A834C096}.Debug|x64.ActiveCfg = Debug|Any CPU
		{46DBC919-B519-AFA3-E589-07C1A834C096}.Debug|x64.Build.0 = Debug|Any CPU
		{46DBC919-B519-AFA3-E589-07C1A834C096}.Debug|x86.ActiveCfg = Debug|Any CPU
		{46DBC919-B519-AFA3-E589-07C1A834C096}.Debug|x86.Build.0 = Debug|Any CPU
		{46DBC919-B519-AFA3-E589-07C1A834C096}.Release|Any CPU.ActiveCfg = Release|Any CPU
		{46DBC919-B519-AFA3-E589-07C1A834C096}.Release|Any CPU.Build.0 = Release|Any CPU
		{46DBC919-B519-AFA3-E589-07C1A834C096}.Release|x64.ActiveCfg = Release|Any CPU
		{46DBC919-B519-AFA3-E589-07C1A834C096}.Release|x64.Build.0 = Release|Any CPU
		{46DBC919-B519-AFA3-E589-07C1A834C096}.Release|x86.ActiveCfg = Release|Any CPU
		{46DBC919-B519-AFA3-E589-07C1A834C096}.Release|x86.Build.0 = Release|Any CPU
		{A0A5516F-CF94-4F6B-6308-242CCA1A71A5}.Debug|Any CPU.ActiveCfg = Debug|Any CPU
		{A0A5516F-CF94-4F6B-6308-242CCA1A71A5}.Debug|Any CPU.Build.0 = Debug|Any CPU
		{A0A5516F-CF94-4F6B-6308-242CCA1A71A5}.Debug|x64.ActiveCfg = Debug|Any CPU
		{A0A5516F-CF94-4F6B-6308-242CCA1A71A5}.Debug|x64.Build.0 = Debug|Any CPU
		{A0A5516F-CF94-4F6B-6308-242CCA1A71A5}.Debug|x86.ActiveCfg = Debug|Any CPU
		{A0A5516F-CF94-4F6B-6308-242CCA1A71A5}.Debug|x86.Build.0 = Debug|Any CPU
		{A0A5516F-CF94-4F6B-6308-242CCA1A71A5}.Release|Any CPU.ActiveCfg = Release|Any CPU
		{A0A5516F-CF94-4F6B-6308-242CCA1A71A5}.Release|Any CPU.Build.0 = Release|Any CPU
		{A0A5516F-CF94-4F6B-6308-242CCA1A71A5}.Release|x64.ActiveCfg = Release|Any CPU
		{A0A5516F-CF94-4F6B-6308-242CCA1A71A5}.Release|x64.Build.0 = Release|Any CPU
		{A0A5516F-CF94-4F6B-6308-242CCA1A71A5}.Release|x86.ActiveCfg = Release|Any CPU
		{A0A5516F-CF94-4F6B-6308-242CCA1A71A5}.Release|x86.Build.0 = Release|Any CPU
		{05ED457E-9D3C-4359-B60B-C9150BE364D6}.Debug|Any CPU.ActiveCfg = Debug|Any CPU
		{05ED457E-9D3C-4359-B60B-C9150BE364D6}.Debug|Any CPU.Build.0 = Debug|Any CPU
		{05ED457E-9D3C-4359-B60B-C9150BE364D6}.Debug|x64.ActiveCfg = Debug|Any CPU
		{05ED457E-9D3C-4359-B60B-C9150BE364D6}.Debug|x64.Build.0 = Debug|Any CPU
		{05ED457E-9D3C-4359-B60B-C9150BE364D6}.Debug|x86.ActiveCfg = Debug|Any CPU
		{05ED457E-9D3C-4359-B60B-C9150BE364D6}.Debug|x86.Build.0 = Debug|Any CPU
		{05ED457E-9D3C-4359-B60B-C9150BE364D6}.Release|Any CPU.ActiveCfg = Release|Any CPU
		{05ED457E-9D3C-4359-B60B-C9150BE364D6}.Release|Any CPU.Build.0 = Release|Any CPU
		{05ED457E-9D3C-4359-B60B-C9150BE364D6}.Release|x64.ActiveCfg = Release|Any CPU
		{05ED457E-9D3C-4359-B60B-C9150BE364D6}.Release|x64.Build.0 = Release|Any CPU
		{05ED457E-9D3C-4359-B60B-C9150BE364D6}.Release|x86.ActiveCfg = Release|Any CPU
		{05ED457E-9D3C-4359-B60B-C9150BE364D6}.Release|x86.Build.0 = Release|Any CPU
	EndGlobalSection
	GlobalSection(SolutionProperties) = preSolution
		HideSolutionNode = FALSE
	EndGlobalSection
	GlobalSection(ExtensibilityGlobals) = postSolution
		SolutionGuid = {C2C50617-19AB-4528-999F-BACAC6660124}
	EndGlobalSection
EndGlobal
